
Microsoft Visual Studio Solution File, Format Version 12.00
# Visual Studio Version 16
VisualStudioVersion = 16.0.30709.132
MinimumVisualStudioVersion = 10.0.40219.1
Project("{FAE04EC0-301F-11D3-BF4B-00C04F79EFBC}") = "DIEjercicio6T4", "DIEjercicio6T4\DIEjercicio6T4.csproj", "{E36DDABD-8EB2-46EB-9CAB-0C8DCFA1A2FB}"
EndProject
Global
	GlobalSection(SolutionConfigurationPlatforms) = preSolution
		Debug|Any CPU = Debug|Any CPU
		Release|Any CPU = Release|Any CPU
	EndGlobalSection
	GlobalSection(ProjectConfigurationPlatforms) = postSolution
		{E36DDABD-8EB2-46EB-9CAB-0C8DCFA1A2FB}.Debug|Any CPU.ActiveCfg = Debug|Any CPU
		{E36DDABD-8EB2-46EB-9CAB-0C8DCFA1A2FB}.Debug|Any CPU.Build.0 = Debug|Any CPU
		{E36DDABD-8EB2-46EB-9CAB-0C8DCFA1A2FB}.Release|Any CPU.ActiveCfg = Release|Any CPU
		{E36DDABD-8EB2-46EB-9CAB-0C8DCFA1A2FB}.Release|Any CPU.Build.0 = Release|Any CPU
	EndGlobalSection
	GlobalSection(SolutionProperties) = preSolution
		HideSolutionNode = FALSE
	EndGlobalSection
	GlobalSection(ExtensibilityGlobals) = postSolution
		SolutionGuid = {1FF26B20-4F3C-4C97-8C92-1FCE79448C11}
	EndGlobalSection
EndGlobal
